
Microsoft Visual Studio Solution File, Format Version 12.00
# Visual Studio Version 16
VisualStudioVersion = 16.0.31729.503
MinimumVisualStudioVersion = 10.0.40219.1
Project("{9A19103F-16F7-4668-BE54-9A1E7A4F7556}") = "Entidades", "Entidades\Entidades.csproj", "{F4DD1F11-1D38-42AD-8673-1D9A87F334EA}"
EndProject
Project("{9A19103F-16F7-4668-BE54-9A1E7A4F7556}") = "Test", "Test\Test.csproj", "{AFCA3E9F-25E2-483C-81BA-056D7B50B929}"
EndProject
Project("{9A19103F-16F7-4668-BE54-9A1E7A4F7556}") = "FormCentrodeAnalisis", "FormCentrodeAnalisis\FormCentrodeAnalisis.csproj", "{0B8322F2-16D1-4AAF-AAAD-2B5E445CBACE}"
EndProject
Project("{FAE04EC0-301F-11D3-BF4B-00C04F79EFBC}") = "TestUnitarios", "TestUnitarios\TestUnitarios.csproj", "{0D5AEB22-ACA8-4201-B460-3C6789EF3E89}"
EndProject
Global
	GlobalSection(SolutionConfigurationPlatforms) = preSolution
		Debug|Any CPU = Debug|Any CPU
		Release|Any CPU = Release|Any CPU
	EndGlobalSection
	GlobalSection(ProjectConfigurationPlatforms) = postSolution
		{F4DD1F11-1D38-42AD-8673-1D9A87F334EA}.Debug|Any CPU.ActiveCfg = Debug|Any CPU
		{F4DD1F11-1D38-42AD-8673-1D9A87F334EA}.Debug|Any CPU.Build.0 = Debug|Any CPU
		{F4DD1F11-1D38-42AD-8673-1D9A87F334EA}.Release|Any CPU.ActiveCfg = Release|Any CPU
		{F4DD1F11-1D38-42AD-8673-1D9A87F334EA}.Release|Any CPU.Build.0 = Release|Any CPU
		{AFCA3E9F-25E2-483C-81BA-056D7B50B929}.Debug|Any CPU.ActiveCfg = Debug|Any CPU
		{AFCA3E9F-25E2-483C-81BA-056D7B50B929}.Debug|Any CPU.Build.0 = Debug|Any CPU
		{AFCA3E9F-25E2-483C-81BA-056D7B50B929}.Release|Any CPU.ActiveCfg = Release|Any CPU
		{AFCA3E9F-25E2-483C-81BA-056D7B50B929}.Release|Any CPU.Build.0 = Release|Any CPU
		{0B8322F2-16D1-4AAF-AAAD-2B5E445CBACE}.Debug|Any CPU.ActiveCfg = Debug|Any CPU
		{0B8322F2-16D1-4AAF-AAAD-2B5E445CBACE}.Debug|Any CPU.Build.0 = Debug|Any CPU
		{0B8322F2-16D1-4AAF-AAAD-2B5E445CBACE}.Release|Any CPU.ActiveCfg = Release|Any CPU
		{0B8322F2-16D1-4AAF-AAAD-2B5E445CBACE}.Release|Any CPU.Build.0 = Release|Any CPU
		{0D5AEB22-ACA8-4201-B460-3C6789EF3E89}.Debug|Any CPU.ActiveCfg = Debug|Any CPU
		{0D5AEB22-ACA8-4201-B460-3C6789EF3E89}.Debug|Any CPU.Build.0 = Debug|Any CPU
		{0D5AEB22-ACA8-4201-B460-3C6789EF3E89}.Release|Any CPU.ActiveCfg = Release|Any CPU
		{0D5AEB22-ACA8-4201-B460-3C6789EF3E89}.Release|Any CPU.Build.0 = Release|Any CPU
	EndGlobalSection
	GlobalSection(SolutionProperties) = preSolution
		HideSolutionNode = FALSE
	EndGlobalSection
	GlobalSection(ExtensibilityGlobals) = postSolution
		SolutionGuid = {8F546A19-D0F8-46FF-B86C-9A6F333166C3}
	EndGlobalSection
EndGlobal
